{
  "version": "2",
  "remote": {
    "https://cdn.skypack.dev/-/liqe@v3.6.0-IpUzUW5cKWRe3z3DBa6d/dist=es2019,mode=imports/optimized/liqe.js": "bb860aef1c06672931fb62f5e38752648ea92079176e597c627a0b97f8f18f1b",
    "https://cdn.skypack.dev/-/nearley@v2.20.1-A4c29ItqLXuWOAs5gtul/dist=es2019,mode=imports/optimized/nearley.js": "5a27b6da3294ab5f9103dbf13025d8256063b422156050b55d12dd12a61f8514",
    "https://cdn.skypack.dev/-/ts-error@v1.0.6-ZKIkiJgMX1TqgtZzFh0p/dist=es2019,mode=imports/optimized/ts-error.js": "48f0ebe7ea5862a61583bc30c5119ec58ea1572e323d825adf1723135e80da66",
    "https://deno.land/std@0.122.0/async/deadline.ts": "1d6ac7aeaee22f75eb86e4e105d6161118aad7b41ae2dd14f4cfd3bf97472b93",
    "https://deno.land/std@0.122.0/async/debounce.ts": "b2f693e4baa16b62793fd618de6c003b63228db50ecfe3bd51fc5f6dc0bc264b",
    "https://deno.land/std@0.122.0/async/deferred.ts": "ab60d46ba561abb3b13c0c8085d05797a384b9f182935f051dc67136817acdee",
    "https://deno.land/std@0.122.0/async/delay.ts": "f2d8ccaa8ebc26594bd8b0989edfd8a96257a714c1dee2fb54d986e5bdd840ac",
    "https://deno.land/std@0.122.0/async/mod.ts": "78425176fabea7bd1046ce3819fd69ce40da85c83e0f174d17e8e224a91f7d10",
    "https://deno.land/std@0.122.0/async/mux_async_iterator.ts": "62abff3af9ff619e8f2adc96fc70d4ca020fa48a50c23c13f12d02ed2b760dbe",
    "https://deno.land/std@0.122.0/async/pool.ts": "353ce4f91865da203a097aa6f33de8966340c91b6f4a055611c8c5d534afd12f",
    "https://deno.land/std@0.122.0/async/tee.ts": "3e9f2ef6b36e55188de16a667c702ace4ad0cf84e3720379160e062bf27348ad",
    "https://deno.land/std@0.122.0/http/server.ts": "4d88a15537ef207968aef62ea8b16212c10950b3f83793ec0391defa2981fbcb",
    "https://esm.sh/@leeoniya/ufuzzy@1.0.6": "a7ac5e310d976efa21e79ee8e11db09124c80cd7523f360c82b0cb471f2fe6a0",
    "https://esm.sh/liqe@3.6.0": "ce467fcfba90c05f97617c81cd7ceeda233c8b8fdf9e020e2eb05acb968d0d47",
    "https://esm.sh/v112/@leeoniya/ufuzzy@1.0.6/deno/ufuzzy.mjs": "7612241fe7f5e7ebd7719fd40660aee636108d8da3b22519469c3bd573b461a2",
    "https://esm.sh/v112/@leeoniya/ufuzzy@1.0.6/dist/uFuzzy.d.ts": "d122822f8173e132bdfd74dfa1f387f42c7cf5907c72eefa5522430a4e4517bf",
    "https://esm.sh/v112/liqe@3.6.0/deno/liqe.mjs": "d9c8407c7a980277bf2d6aa7a2fbbae8bba242fe05b01e7a43bd6204ec734beb",
    "https://esm.sh/v112/liqe@3.6.0/dist/src/Liqe.d.ts": "4a19ddcc41c5f8bb318a9c480741d4662b190c377fade1e0e5426117594ac685",
    "https://esm.sh/v112/liqe@3.6.0/dist/src/errors.d.ts": "fd3e22e495e57897b54860808ff5cc3694dbcc64bb2e288a2675e9640ab08fe7",
    "https://esm.sh/v112/liqe@3.6.0/dist/src/filter.d.ts": "f7ecd467ef5bb19311bebace4d9e8c4e6a33e67329f480033751f15e60652ad3",
    "https://esm.sh/v112/liqe@3.6.0/dist/src/highlight.d.ts": "47147220ddd4c4c15bf2c99a35e509b47dee9bbcca05c9436bb01f5b029770b9",
    "https://esm.sh/v112/liqe@3.6.0/dist/src/isSafeUnquotedExpression.d.ts": "4501e7f034612e8bd15c8246daed5f316b160eb55ac3d6cccfe39054f07e188a",
    "https://esm.sh/v112/liqe@3.6.0/dist/src/parse.d.ts": "13cb873a5a554a5a5e7a54086a7be6ed3371a89184b4aad131aacc4881fd3029",
    "https://esm.sh/v112/liqe@3.6.0/dist/src/serialize.d.ts": "39c3df6d22786fbd7f45bf6ea7691ecbe74e1ed309edcb3cac569738fdc5e4b0",
    "https://esm.sh/v112/liqe@3.6.0/dist/src/test.d.ts": "8ffb8c55092ecd4dcf643e939ed617b15c68a012ee45d7f944dc9a2276347e82",
    "https://esm.sh/v112/liqe@3.6.0/dist/src/types.d.ts": "cdb52db07930754525fdbae5f854930e9c16161dd79df3ce4a8142cd805c4dd2",
    "https://esm.sh/v112/nearley@2.20.1/deno/nearley.mjs": "573edcb29c2732796841754e7b5f3a9467dd8b7306ba0decdf29b87728731756",
    "https://esm.sh/v112/ts-error@1.0.6/deno/ts-error.mjs": "d36daf53cbf9d9c93eaec5230b16663228ab55161a5562fdb212583531996113",
    "https://esm.sh/v112/ts-error@1.0.6/lib/es.d.ts": "c6d4e9653007664acc0a8971c94d851c9a286b7a80b54a32c47d90f0d0cae3fe"
  }
}
